
Microsoft Visual Studio Solution File, Format Version 12.00
# Visual Studio 15
VisualStudioVersion = 15.0.26124.0
MinimumVisualStudioVersion = 15.0.26124.0
Project("{2150E333-8FDC-42A3-9474-1A3956D46DE8}") = "src", "src", "{FDBF1512-C432-4DD1-B4ED-7F39E85ADE3F}"
EndProject
Project("{FAE04EC0-301F-11D3-BF4B-00C04F79EFBC}") = "IDBEmit", "src\IDBEmit\IDBEmit.csproj", "{603E387E-4F88-42C3-94D7-E3AA7A17A89C}"
EndProject
Project("{FAE04EC0-301F-11D3-BF4B-00C04F79EFBC}") = "consumer", "consumer\consumer.csproj", "{350062F3-A152-4DFE-898F-C6C255BEFACF}"
EndProject
Global
	GlobalSection(SolutionConfigurationPlatforms) = preSolution
		Debug|Any CPU = Debug|Any CPU
		Debug|x64 = Debug|x64
		Debug|x86 = Debug|x86
		Release|Any CPU = Release|Any CPU
		Release|x64 = Release|x64
		Release|x86 = Release|x86
	EndGlobalSection
	GlobalSection(SolutionProperties) = preSolution
		HideSolutionNode = FALSE
	EndGlobalSection
	GlobalSection(ProjectConfigurationPlatforms) = postSolution
		{603E387E-4F88-42C3-94D7-E3AA7A17A89C}.Debug|Any CPU.ActiveCfg = Debug|Any CPU
		{603E387E-4F88-42C3-94D7-E3AA7A17A89C}.Debug|Any CPU.Build.0 = Debug|Any CPU
		{603E387E-4F88-42C3-94D7-E3AA7A17A89C}.Debug|x64.ActiveCfg = Debug|Any CPU
		{603E387E-4F88-42C3-94D7-E3AA7A17A89C}.Debug|x64.Build.0 = Debug|Any CPU
		{603E387E-4F88-42C3-94D7-E3AA7A17A89C}.Debug|x86.ActiveCfg = Debug|Any CPU
		{603E387E-4F88-42C3-94D7-E3AA7A17A89C}.Debug|x86.Build.0 = Debug|Any CPU
		{603E387E-4F88-42C3-94D7-E3AA7A17A89C}.Release|Any CPU.ActiveCfg = Release|Any CPU
		{603E387E-4F88-42C3-94D7-E3AA7A17A89C}.Release|Any CPU.Build.0 = Release|Any CPU
		{603E387E-4F88-42C3-94D7-E3AA7A17A89C}.Release|x64.ActiveCfg = Release|Any CPU
		{603E387E-4F88-42C3-94D7-E3AA7A17A89C}.Release|x64.Build.0 = Release|Any CPU
		{603E387E-4F88-42C3-94D7-E3AA7A17A89C}.Release|x86.ActiveCfg = Release|Any CPU
		{603E387E-4F88-42C3-94D7-E3AA7A17A89C}.Release|x86.Build.0 = Release|Any CPU
		{350062F3-A152-4DFE-898F-C6C255BEFACF}.Debug|Any CPU.ActiveCfg = Debug|Any CPU
		{350062F3-A152-4DFE-898F-C6C255BEFACF}.Debug|Any CPU.Build.0 = Debug|Any CPU
		{350062F3-A152-4DFE-898F-C6C255BEFACF}.Debug|x64.ActiveCfg = Debug|Any CPU
		{350062F3-A152-4DFE-898F-C6C255BEFACF}.Debug|x64.Build.0 = Debug|Any CPU
		{350062F3-A152-4DFE-898F-C6C255BEFACF}.Debug|x86.ActiveCfg = Debug|Any CPU
		{350062F3-A152-4DFE-898F-C6C255BEFACF}.Debug|x86.Build.0 = Debug|Any CPU
		{350062F3-A152-4DFE-898F-C6C255BEFACF}.Release|Any CPU.ActiveCfg = Release|Any CPU
		{350062F3-A152-4DFE-898F-C6C255BEFACF}.Release|Any CPU.Build.0 = Release|Any CPU
		{350062F3-A152-4DFE-898F-C6C255BEFACF}.Release|x64.ActiveCfg = Release|Any CPU
		{350062F3-A152-4DFE-898F-C6C255BEFACF}.Release|x64.Build.0 = Release|Any CPU
		{350062F3-A152-4DFE-898F-C6C255BEFACF}.Release|x86.ActiveCfg = Release|Any CPU
		{350062F3-A152-4DFE-898F-C6C255BEFACF}.Release|x86.Build.0 = Release|Any CPU
	EndGlobalSection
	GlobalSection(NestedProjects) = preSolution
		{603E387E-4F88-42C3-94D7-E3AA7A17A89C} = {FDBF1512-C432-4DD1-B4ED-7F39E85ADE3F}
	EndGlobalSection
EndGlobal
